
Microsoft Visual Studio Solution File, Format Version 12.00
# Visual Studio Version 16
VisualStudioVersion = 16.0.31313.79
MinimumVisualStudioVersion = 10.0.40219.1
Project("{FAE04EC0-301F-11D3-BF4B-00C04F79EFBC}") = "GroupWebapiEF", "GroupWebapiEF.csproj", "{8466B8E4-7FF8-484B-B1E1-1520B4728855}"
EndProject
Global
	GlobalSection(SolutionConfigurationPlatforms) = preSolution
		Debug|Any CPU = Debug|Any CPU
		Release|Any CPU = Release|Any CPU
	EndGlobalSection
	GlobalSection(ProjectConfigurationPlatforms) = postSolution
		{8466B8E4-7FF8-484B-B1E1-1520B4728855}.Debug|Any CPU.ActiveCfg = Debug|Any CPU
		{8466B8E4-7FF8-484B-B1E1-1520B4728855}.Debug|Any CPU.Build.0 = Debug|Any CPU
		{8466B8E4-7FF8-484B-B1E1-1520B4728855}.Release|Any CPU.ActiveCfg = Release|Any CPU
		{8466B8E4-7FF8-484B-B1E1-1520B4728855}.Release|Any CPU.Build.0 = Release|Any CPU
	EndGlobalSection
	GlobalSection(SolutionProperties) = preSolution
		HideSolutionNode = FALSE
	EndGlobalSection
	GlobalSection(ExtensibilityGlobals) = postSolution
		SolutionGuid = {236E3708-EB70-48EC-84E6-C03125083D46}
	EndGlobalSection
EndGlobal
